
Microsoft Visual Studio Solution File, Format Version 12.00
# Visual Studio Version 16
VisualStudioVersion = 16.0.29613.14
MinimumVisualStudioVersion = 10.0.40219.1
Project("{FAE04EC0-301F-11D3-BF4B-00C04F79EFBC}") = "WebBrowerTest", "WebBrowerTest.csproj", "{CC995911-4B43-49EA-805C-92179DE61E33}"
EndProject
Global
	GlobalSection(SolutionConfigurationPlatforms) = preSolution
		Debug|Any CPU = Debug|Any CPU
		Release|Any CPU = Release|Any CPU
	EndGlobalSection
	GlobalSection(ProjectConfigurationPlatforms) = postSolution
		{CC995911-4B43-49EA-805C-92179DE61E33}.Debug|Any CPU.ActiveCfg = Debug|Any CPU
		{CC995911-4B43-49EA-805C-92179DE61E33}.Debug|Any CPU.Build.0 = Debug|Any CPU
		{CC995911-4B43-49EA-805C-92179DE61E33}.Release|Any CPU.ActiveCfg = Release|Any CPU
		{CC995911-4B43-49EA-805C-92179DE61E33}.Release|Any CPU.Build.0 = Release|Any CPU
	EndGlobalSection
	GlobalSection(SolutionProperties) = preSolution
		HideSolutionNode = FALSE
	EndGlobalSection
	GlobalSection(ExtensibilityGlobals) = postSolution
		SolutionGuid = {4BAEDDAC-ACF4-42A0-B351-AF47D27EF9B3}
	EndGlobalSection
EndGlobal
